
Microsoft Visual Studio Solution File, Format Version 12.00
# Visual Studio Version 17
VisualStudioVersion = 17.8.34330.188
MinimumVisualStudioVersion = 10.0.40219.1
Project("{8BC9CEB8-8B4A-11D0-8D11-00A0C91BC942}") = "Reversi ver1.3", "Reversi ver1.3\Reversi ver1.3.vcxproj", "{1899CB94-0C8F-4C1F-89B9-38C6648C2FDC}"
EndProject
Project("{54435603-DBB4-11D2-8724-00A0C9A8B90C}") = "Reversi_Setup(1.3.1)", "..\..\Reversi ver 1.3.1\Reversi_Setup(1.3.1)\Reversi_Setup(1.3.1).vdproj", "{567E2B42-CA73-47B3-A11D-4ABBFB8A7C54}"
EndProject
Global
	GlobalSection(SolutionConfigurationPlatforms) = preSolution
		Debug|x64 = Debug|x64
		Debug|x86 = Debug|x86
		Release|x64 = Release|x64
		Release|x86 = Release|x86
	EndGlobalSection
	GlobalSection(ProjectConfigurationPlatforms) = postSolution
		{1899CB94-0C8F-4C1F-89B9-38C6648C2FDC}.Debug|x64.ActiveCfg = Debug|x64
		{1899CB94-0C8F-4C1F-89B9-38C6648C2FDC}.Debug|x64.Build.0 = Debug|x64
		{1899CB94-0C8F-4C1F-89B9-38C6648C2FDC}.Debug|x86.ActiveCfg = Debug|Win32
		{1899CB94-0C8F-4C1F-89B9-38C6648C2FDC}.Debug|x86.Build.0 = Debug|Win32
		{1899CB94-0C8F-4C1F-89B9-38C6648C2FDC}.Release|x64.ActiveCfg = Release|x64
		{1899CB94-0C8F-4C1F-89B9-38C6648C2FDC}.Release|x64.Build.0 = Release|x64
		{1899CB94-0C8F-4C1F-89B9-38C6648C2FDC}.Release|x86.ActiveCfg = Release|Win32
		{1899CB94-0C8F-4C1F-89B9-38C6648C2FDC}.Release|x86.Build.0 = Release|Win32
		{567E2B42-CA73-47B3-A11D-4ABBFB8A7C54}.Debug|x64.ActiveCfg = Debug
		{567E2B42-CA73-47B3-A11D-4ABBFB8A7C54}.Debug|x86.ActiveCfg = Debug
		{567E2B42-CA73-47B3-A11D-4ABBFB8A7C54}.Release|x64.ActiveCfg = Release
		{567E2B42-CA73-47B3-A11D-4ABBFB8A7C54}.Release|x86.ActiveCfg = Release
	EndGlobalSection
	GlobalSection(SolutionProperties) = preSolution
		HideSolutionNode = FALSE
	EndGlobalSection
	GlobalSection(ExtensibilityGlobals) = postSolution
		SolutionGuid = {687A2BD0-D1F8-4817-8E25-E3E1F5FC1E6D}
	EndGlobalSection
EndGlobal
